# This file is automatically @generated by Cargo.
# It is not intended for manual editing.
version = 4

[[package]]
name = "bitty-ai-runtime"
version = "0.0.1"

[[package]]
name = "bitty-ai-slice"
version = "0.0.1"
dependencies = [
 "bitty-ai-runtime",
 "bitty-ipc",
]

[[package]]
name = "bitty-ipc"
version = "0.0.20"
source = "git+https://github.com/bitty-terminal/bitty?rev=eef983ec5d72ca9ad6c3bc2c62d1ba3c9bc85360#eef983ec5d72ca9ad6c3bc2c62d1ba3c9bc85360"
