# This file is automatically @generated by Cargo.
# It is not intended for manual editing.
version = 4

[[package]]
name = "bitty-ai-runtime"
version = "0.0.1"

[[package]]
name = "bitty-ai-slice"
version = "0.0.1"
dependencies = [
 "bitty-ai-runtime",
 "bitty-ipc",
]

[[package]]
name = "bitty-ipc"
version = "0.0.20"
source = "git+https://github.com/bitty-terminal/bitty?rev=2cbb1fbed82814c157359b71dd8efbb4be0c36e7#2cbb1fbed82814c157359b71dd8efbb4be0c36e7"
